{
  "pins" : [
    {
      "identity" : "openssl",
      "kind" : "remoteSourceControl",
      "location" : "https://github.com/krzyzanowskim/OpenSSL",
      "state" : {
        "revision" : "0c70e4b7d22411a7fe3ff59b913d5b760b735ce1",
        "version" : "1.1.2100"
      }
    },
    {
      "identity" : "zstd",
      "kind" : "remoteSourceControl",
      "location" : "https://github.com/facebook/zstd",
      "state" : {
        "branch" : "dev",
        "revision" : "bd00ec6804f38abc78f05d424f15797b1e485b41"
      }
    }
  ],
  "version" : 2
}
